
Microsoft Visual Studio Solution File, Format Version 12.00
# Visual Studio 2012
Project("{FAE04EC0-301F-11D3-BF4B-00C04F79EFBC}") = "FrequentDataMining.Xamarin", "..\FrequentDataMining.Xamarin.csproj", "{E23538BD-091B-47C7-9826-9C9F08679F48}"
EndProject
Project("{FAE04EC0-301F-11D3-BF4B-00C04F79EFBC}") = "FrequentDataMining.Samples.FPGrrowth", "FrequentDataMining.Samples.FPGrrowth\FrequentDataMining.Samples.FPGrrowth.csproj", "{874D4222-F49A-4E96-A4D4-0F5DB2A32808}"
EndProject
Global
	GlobalSection(SolutionConfigurationPlatforms) = preSolution
		Debug|iPhoneSimulator = Debug|iPhoneSimulator
		Release|iPhone = Release|iPhone
		Release|iPhoneSimulator = Release|iPhoneSimulator
		Debug|iPhone = Debug|iPhone
	EndGlobalSection
	GlobalSection(ProjectConfigurationPlatforms) = postSolution
		{874D4222-F49A-4E96-A4D4-0F5DB2A32808}.Debug|iPhone.ActiveCfg = Debug|iPhone
		{874D4222-F49A-4E96-A4D4-0F5DB2A32808}.Debug|iPhone.Build.0 = Debug|iPhone
		{874D4222-F49A-4E96-A4D4-0F5DB2A32808}.Debug|iPhoneSimulator.ActiveCfg = Debug|iPhoneSimulator
		{874D4222-F49A-4E96-A4D4-0F5DB2A32808}.Debug|iPhoneSimulator.Build.0 = Debug|iPhoneSimulator
		{874D4222-F49A-4E96-A4D4-0F5DB2A32808}.Release|iPhone.ActiveCfg = Release|iPhone
		{874D4222-F49A-4E96-A4D4-0F5DB2A32808}.Release|iPhone.Build.0 = Release|iPhone
		{874D4222-F49A-4E96-A4D4-0F5DB2A32808}.Release|iPhoneSimulator.ActiveCfg = Release|iPhoneSimulator
		{874D4222-F49A-4E96-A4D4-0F5DB2A32808}.Release|iPhoneSimulator.Build.0 = Release|iPhoneSimulator
		{E23538BD-091B-47C7-9826-9C9F08679F48}.Debug|iPhone.ActiveCfg = Debug|Any CPU
		{E23538BD-091B-47C7-9826-9C9F08679F48}.Debug|iPhone.Build.0 = Debug|Any CPU
		{E23538BD-091B-47C7-9826-9C9F08679F48}.Debug|iPhoneSimulator.ActiveCfg = Debug|Any CPU
		{E23538BD-091B-47C7-9826-9C9F08679F48}.Debug|iPhoneSimulator.Build.0 = Debug|Any CPU
		{E23538BD-091B-47C7-9826-9C9F08679F48}.Release|iPhone.ActiveCfg = Release|Any CPU
		{E23538BD-091B-47C7-9826-9C9F08679F48}.Release|iPhone.Build.0 = Release|Any CPU
		{E23538BD-091B-47C7-9826-9C9F08679F48}.Release|iPhoneSimulator.ActiveCfg = Release|Any CPU
		{E23538BD-091B-47C7-9826-9C9F08679F48}.Release|iPhoneSimulator.Build.0 = Release|Any CPU
	EndGlobalSection
EndGlobal
