
Microsoft Visual Studio Solution File, Format Version 12.00
# Visual Studio 14
VisualStudioVersion = 14.0.23107.0
MinimumVisualStudioVersion = 10.0.40219.1
Project("{FAE04EC0-301F-11D3-BF4B-00C04F79EFBC}") = "AprioriSample", "Samples\AprioriSample\AprioriSample.csproj", "{422BE00F-9346-4560-8FA1-14CE6B767707}"
EndProject
Project("{FAE04EC0-301F-11D3-BF4B-00C04F79EFBC}") = "FrequentDataMining", "FrequentDataMining\FrequentDataMining.csproj", "{441D643A-F963-4BBE-A4B6-5AA5C0706CDA}"
EndProject
Project("{FAE04EC0-301F-11D3-BF4B-00C04F79EFBC}") = "FPGrowthSample", "Samples\FPGrowthSample\FPGrowthSample.csproj", "{58139454-25FD-4A39-AB85-9D877DE879F4}"
EndProject
Project("{FAE04EC0-301F-11D3-BF4B-00C04F79EFBC}") = "SamplesCommon", "Samples\SamplesCommon\SamplesCommon.csproj", "{B8C48157-192B-4813-8B07-F594594866BA}"
EndProject
Global
	GlobalSection(SolutionConfigurationPlatforms) = preSolution
		Debug|Any CPU = Debug|Any CPU
		Release|Any CPU = Release|Any CPU
	EndGlobalSection
	GlobalSection(ProjectConfigurationPlatforms) = postSolution
		{422BE00F-9346-4560-8FA1-14CE6B767707}.Debug|Any CPU.ActiveCfg = Debug|Any CPU
		{422BE00F-9346-4560-8FA1-14CE6B767707}.Debug|Any CPU.Build.0 = Debug|Any CPU
		{422BE00F-9346-4560-8FA1-14CE6B767707}.Release|Any CPU.ActiveCfg = Release|Any CPU
		{422BE00F-9346-4560-8FA1-14CE6B767707}.Release|Any CPU.Build.0 = Release|Any CPU
		{441D643A-F963-4BBE-A4B6-5AA5C0706CDA}.Debug|Any CPU.ActiveCfg = Debug|Any CPU
		{441D643A-F963-4BBE-A4B6-5AA5C0706CDA}.Debug|Any CPU.Build.0 = Debug|Any CPU
		{441D643A-F963-4BBE-A4B6-5AA5C0706CDA}.Release|Any CPU.ActiveCfg = Release|Any CPU
		{441D643A-F963-4BBE-A4B6-5AA5C0706CDA}.Release|Any CPU.Build.0 = Release|Any CPU
		{58139454-25FD-4A39-AB85-9D877DE879F4}.Debug|Any CPU.ActiveCfg = Debug|Any CPU
		{58139454-25FD-4A39-AB85-9D877DE879F4}.Debug|Any CPU.Build.0 = Debug|Any CPU
		{58139454-25FD-4A39-AB85-9D877DE879F4}.Release|Any CPU.ActiveCfg = Release|Any CPU
		{58139454-25FD-4A39-AB85-9D877DE879F4}.Release|Any CPU.Build.0 = Release|Any CPU
		{B8C48157-192B-4813-8B07-F594594866BA}.Debug|Any CPU.ActiveCfg = Debug|Any CPU
		{B8C48157-192B-4813-8B07-F594594866BA}.Debug|Any CPU.Build.0 = Debug|Any CPU
		{B8C48157-192B-4813-8B07-F594594866BA}.Release|Any CPU.ActiveCfg = Release|Any CPU
		{B8C48157-192B-4813-8B07-F594594866BA}.Release|Any CPU.Build.0 = Release|Any CPU
	EndGlobalSection
	GlobalSection(SolutionProperties) = preSolution
		HideSolutionNode = FALSE
	EndGlobalSection
EndGlobal
